
Microsoft Visual Studio Solution File, Format Version 12.00
# Visual Studio Version 17
VisualStudioVersion = 17.4.33213.308
MinimumVisualStudioVersion = 10.0.40219.1
Project("{FAE04EC0-301F-11D3-BF4B-00C04F79EFBC}") = "TestTraining", "TestTraining\TestTraining.csproj", "{53F93F93-8F54-4E64-816F-76D43781F8BC}"
EndProject
Project("{9A19103F-16F7-4668-BE54-9A1E7A4F7556}") = "ClassLibrary", "ClassLibrary\ClassLibrary.csproj", "{EBEB1D37-1E07-43ED-AEF3-DB3C3FBDB1A1}"
EndProject
Project("{9A19103F-16F7-4668-BE54-9A1E7A4F7556}") = "Training", "Training\Training.csproj", "{AE962066-DC24-43FA-9B78-D160B064DD74}"
EndProject
Global
	GlobalSection(SolutionConfigurationPlatforms) = preSolution
		Debug|Any CPU = Debug|Any CPU
		Release|Any CPU = Release|Any CPU
	EndGlobalSection
	GlobalSection(ProjectConfigurationPlatforms) = postSolution
		{53F93F93-8F54-4E64-816F-76D43781F8BC}.Debug|Any CPU.ActiveCfg = Debug|Any CPU
		{53F93F93-8F54-4E64-816F-76D43781F8BC}.Debug|Any CPU.Build.0 = Debug|Any CPU
		{53F93F93-8F54-4E64-816F-76D43781F8BC}.Release|Any CPU.ActiveCfg = Release|Any CPU
		{53F93F93-8F54-4E64-816F-76D43781F8BC}.Release|Any CPU.Build.0 = Release|Any CPU
		{EBEB1D37-1E07-43ED-AEF3-DB3C3FBDB1A1}.Debug|Any CPU.ActiveCfg = Debug|Any CPU
		{EBEB1D37-1E07-43ED-AEF3-DB3C3FBDB1A1}.Debug|Any CPU.Build.0 = Debug|Any CPU
		{EBEB1D37-1E07-43ED-AEF3-DB3C3FBDB1A1}.Release|Any CPU.ActiveCfg = Release|Any CPU
		{EBEB1D37-1E07-43ED-AEF3-DB3C3FBDB1A1}.Release|Any CPU.Build.0 = Release|Any CPU
		{AE962066-DC24-43FA-9B78-D160B064DD74}.Debug|Any CPU.ActiveCfg = Debug|Any CPU
		{AE962066-DC24-43FA-9B78-D160B064DD74}.Debug|Any CPU.Build.0 = Debug|Any CPU
		{AE962066-DC24-43FA-9B78-D160B064DD74}.Release|Any CPU.ActiveCfg = Release|Any CPU
		{AE962066-DC24-43FA-9B78-D160B064DD74}.Release|Any CPU.Build.0 = Release|Any CPU
	EndGlobalSection
	GlobalSection(SolutionProperties) = preSolution
		HideSolutionNode = FALSE
	EndGlobalSection
	GlobalSection(ExtensibilityGlobals) = postSolution
		SolutionGuid = {7861451D-AEAE-4EAA-B01B-80DA7BEF8ADA}
	EndGlobalSection
EndGlobal
